
Microsoft Visual Studio Solution File, Format Version 11.00
# Visual Studio 2010
Project("{FAE04EC0-301F-11D3-BF4B-00C04F79EFBC}") = "Assembly-CSharp", "Assembly-CSharp.csproj", "{062acbd1-a0dd-0c76-b2a5-578e9ea90db2}"
EndProject
Project("{FAE04EC0-301F-11D3-BF4B-00C04F79EFBC}") = "NavMeshComponents", "NavMeshComponents.csproj", "{593253b0-becf-1170-a154-92d16d05a193}"
EndProject
Project("{FAE04EC0-301F-11D3-BF4B-00C04F79EFBC}") = "NavMeshComponentsEditor", "NavMeshComponentsEditor.csproj", "{59f0fa57-a537-0e8c-dc8f-feffb8e813bf}"
EndProject
Global
	GlobalSection(SolutionConfigurationPlatforms) = preSolution
		Debug|Any CPU = Debug|Any CPU
	EndGlobalSection
	GlobalSection(ProjectConfigurationPlatforms) = postSolution
		{062acbd1-a0dd-0c76-b2a5-578e9ea90db2}.Debug|Any CPU.ActiveCfg = Debug|Any CPU
		{062acbd1-a0dd-0c76-b2a5-578e9ea90db2}.Debug|Any CPU.Build.0 = Debug|Any CPU
		{593253b0-becf-1170-a154-92d16d05a193}.Debug|Any CPU.ActiveCfg = Debug|Any CPU
		{593253b0-becf-1170-a154-92d16d05a193}.Debug|Any CPU.Build.0 = Debug|Any CPU
		{59f0fa57-a537-0e8c-dc8f-feffb8e813bf}.Debug|Any CPU.ActiveCfg = Debug|Any CPU
		{59f0fa57-a537-0e8c-dc8f-feffb8e813bf}.Debug|Any CPU.Build.0 = Debug|Any CPU
	EndGlobalSection
	GlobalSection(SolutionProperties) = preSolution
		HideSolutionNode = FALSE
	EndGlobalSection
EndGlobal
